
Microsoft Visual Studio Solution File, Format Version 12.00
# Visual Studio Version 16
VisualStudioVersion = 16.0.29709.97
MinimumVisualStudioVersion = 10.0.40219.1
Project("{FAE04EC0-301F-11D3-BF4B-00C04F79EFBC}") = "ZineddinAS3", "ZineddinAS3.csproj", "{4BDCB2A5-3F71-4DAA-BB93-6B0201B84F96}"
EndProject
Global
	GlobalSection(SolutionConfigurationPlatforms) = preSolution
		Debug|Any CPU = Debug|Any CPU
		Release|Any CPU = Release|Any CPU
	EndGlobalSection
	GlobalSection(ProjectConfigurationPlatforms) = postSolution
		{4BDCB2A5-3F71-4DAA-BB93-6B0201B84F96}.Debug|Any CPU.ActiveCfg = Debug|Any CPU
		{4BDCB2A5-3F71-4DAA-BB93-6B0201B84F96}.Debug|Any CPU.Build.0 = Debug|Any CPU
		{4BDCB2A5-3F71-4DAA-BB93-6B0201B84F96}.Release|Any CPU.ActiveCfg = Release|Any CPU
		{4BDCB2A5-3F71-4DAA-BB93-6B0201B84F96}.Release|Any CPU.Build.0 = Release|Any CPU
	EndGlobalSection
	GlobalSection(SolutionProperties) = preSolution
		HideSolutionNode = FALSE
	EndGlobalSection
	GlobalSection(ExtensibilityGlobals) = postSolution
		SolutionGuid = {28C80F12-2C33-4F78-9838-E87969E0562A}
	EndGlobalSection
EndGlobal
